
Microsoft Visual Studio Solution File, Format Version 12.00
# Visual Studio Version 17
VisualStudioVersion = 17.0.31903.59
MinimumVisualStudioVersion = 10.0.40219.1
Project("{2150E333-8FDC-42A3-9474-1A3956D46DE8}") = "src", "src", "{827E0CD3-B72D-47B6-A68D-7590B98EB39B}"
EndProject
Project("{FAE04EC0-301F-11D3-BF4B-00C04F79EFBC}") = "DosProtection.CoreLib", "src\DosProtection.CoreLib\DosProtection.CoreLib.csproj", "{26B2B342-85FA-4E52-B457-21D3FE94EB0D}"
EndProject
Project("{FAE04EC0-301F-11D3-BF4B-00C04F79EFBC}") = "DosProtection.AspNetLib", "src\DosProtection.AspNetLib\DosProtection.AspNetLib.csproj", "{E0222676-BCB3-4A1B-81A9-524644326E53}"
EndProject
Project("{2150E333-8FDC-42A3-9474-1A3956D46DE8}") = "tests", "tests", "{0AB3BF05-4346-4AA6-1389-037BE0695223}"
EndProject
Project("{2150E333-8FDC-42A3-9474-1A3956D46DE8}") = "TestEnvironment", "TestEnvironment", "{F76D21FF-260E-2A95-D871-9F77609FA390}"
EndProject
Project("{FAE04EC0-301F-11D3-BF4B-00C04F79EFBC}") = "TestEnvironment.Client", "tests\TestEnvironment\TestEnvironment.Client\TestEnvironment.Client.csproj", "{516CA7DA-CC94-43C1-A373-5DFF6F32966F}"
EndProject
Project("{FAE04EC0-301F-11D3-BF4B-00C04F79EFBC}") = "TestEnvironment.Server", "tests\TestEnvironment\TestEnvironment.Server\TestEnvironment.Server.csproj", "{5980BE19-548F-4CA4-A970-A3CC543BE395}"
EndProject
Project("{FAE04EC0-301F-11D3-BF4B-00C04F79EFBC}") = "DosProtection.UnitTests", "tests\DosProtection.UnitTests\DosProtection.UnitTests.csproj", "{70A91D13-000B-4895-ACE6-4730878042B9}"
EndProject
Global
	GlobalSection(SolutionConfigurationPlatforms) = preSolution
		Debug|Any CPU = Debug|Any CPU
		Debug|x64 = Debug|x64
		Debug|x86 = Debug|x86
		Release|Any CPU = Release|Any CPU
		Release|x64 = Release|x64
		Release|x86 = Release|x86
	EndGlobalSection
	GlobalSection(ProjectConfigurationPlatforms) = postSolution
		{26B2B342-85FA-4E52-B457-21D3FE94EB0D}.Debug|Any CPU.ActiveCfg = Debug|Any CPU
		{26B2B342-85FA-4E52-B457-21D3FE94EB0D}.Debug|Any CPU.Build.0 = Debug|Any CPU
		{26B2B342-85FA-4E52-B457-21D3FE94EB0D}.Debug|x64.ActiveCfg = Debug|Any CPU
		{26B2B342-85FA-4E52-B457-21D3FE94EB0D}.Debug|x64.Build.0 = Debug|Any CPU
		{26B2B342-85FA-4E52-B457-21D3FE94EB0D}.Debug|x86.ActiveCfg = Debug|Any CPU
		{26B2B342-85FA-4E52-B457-21D3FE94EB0D}.Debug|x86.Build.0 = Debug|Any CPU
		{26B2B342-85FA-4E52-B457-21D3FE94EB0D}.Release|Any CPU.ActiveCfg = Release|Any CPU
		{26B2B342-85FA-4E52-B457-21D3FE94EB0D}.Release|Any CPU.Build.0 = Release|Any CPU
		{26B2B342-85FA-4E52-B457-21D3FE94EB0D}.Release|x64.ActiveCfg = Release|Any CPU
		{26B2B342-85FA-4E52-B457-21D3FE94EB0D}.Release|x64.Build.0 = Release|Any CPU
		{26B2B342-85FA-4E52-B457-21D3FE94EB0D}.Release|x86.ActiveCfg = Release|Any CPU
		{26B2B342-85FA-4E52-B457-21D3FE94EB0D}.Release|x86.Build.0 = Release|Any CPU
		{E0222676-BCB3-4A1B-81A9-524644326E53}.Debug|Any CPU.ActiveCfg = Debug|Any CPU
		{E0222676-BCB3-4A1B-81A9-524644326E53}.Debug|Any CPU.Build.0 = Debug|Any CPU
		{E0222676-BCB3-4A1B-81A9-524644326E53}.Debug|x64.ActiveCfg = Debug|Any CPU
		{E0222676-BCB3-4A1B-81A9-524644326E53}.Debug|x64.Build.0 = Debug|Any CPU
		{E0222676-BCB3-4A1B-81A9-524644326E53}.Debug|x86.ActiveCfg = Debug|Any CPU
		{E0222676-BCB3-4A1B-81A9-524644326E53}.Debug|x86.Build.0 = Debug|Any CPU
		{E0222676-BCB3-4A1B-81A9-524644326E53}.Release|Any CPU.ActiveCfg = Release|Any CPU
		{E0222676-BCB3-4A1B-81A9-524644326E53}.Release|Any CPU.Build.0 = Release|Any CPU
		{E0222676-BCB3-4A1B-81A9-524644326E53}.Release|x64.ActiveCfg = Release|Any CPU
		{E0222676-BCB3-4A1B-81A9-524644326E53}.Release|x64.Build.0 = Release|Any CPU
		{E0222676-BCB3-4A1B-81A9-524644326E53}.Release|x86.ActiveCfg = Release|Any CPU
		{E0222676-BCB3-4A1B-81A9-524644326E53}.Release|x86.Build.0 = Release|Any CPU
		{516CA7DA-CC94-43C1-A373-5DFF6F32966F}.Debug|Any CPU.ActiveCfg = Debug|Any CPU
		{516CA7DA-CC94-43C1-A373-5DFF6F32966F}.Debug|Any CPU.Build.0 = Debug|Any CPU
		{516CA7DA-CC94-43C1-A373-5DFF6F32966F}.Debug|x64.ActiveCfg = Debug|Any CPU
		{516CA7DA-CC94-43C1-A373-5DFF6F32966F}.Debug|x64.Build.0 = Debug|Any CPU
		{516CA7DA-CC94-43C1-A373-5DFF6F32966F}.Debug|x86.ActiveCfg = Debug|Any CPU
		{516CA7DA-CC94-43C1-A373-5DFF6F32966F}.Debug|x86.Build.0 = Debug|Any CPU
		{516CA7DA-CC94-43C1-A373-5DFF6F32966F}.Release|Any CPU.ActiveCfg = Release|Any CPU
		{516CA7DA-CC94-43C1-A373-5DFF6F32966F}.Release|Any CPU.Build.0 = Release|Any CPU
		{516CA7DA-CC94-43C1-A373-5DFF6F32966F}.Release|x64.ActiveCfg = Release|Any CPU
		{516CA7DA-CC94-43C1-A373-5DFF6F32966F}.Release|x64.Build.0 = Release|Any CPU
		{516CA7DA-CC94-43C1-A373-5DFF6F32966F}.Release|x86.ActiveCfg = Release|Any CPU
		{516CA7DA-CC94-43C1-A373-5DFF6F32966F}.Release|x86.Build.0 = Release|Any CPU
		{5980BE19-548F-4CA4-A970-A3CC543BE395}.Debug|Any CPU.ActiveCfg = Debug|Any CPU
		{5980BE19-548F-4CA4-A970-A3CC543BE395}.Debug|Any CPU.Build.0 = Debug|Any CPU
		{5980BE19-548F-4CA4-A970-A3CC543BE395}.Debug|x64.ActiveCfg = Debug|Any CPU
		{5980BE19-548F-4CA4-A970-A3CC543BE395}.Debug|x64.Build.0 = Debug|Any CPU
		{5980BE19-548F-4CA4-A970-A3CC543BE395}.Debug|x86.ActiveCfg = Debug|Any CPU
		{5980BE19-548F-4CA4-A970-A3CC543BE395}.Debug|x86.Build.0 = Debug|Any CPU
		{5980BE19-548F-4CA4-A970-A3CC543BE395}.Release|Any CPU.ActiveCfg = Release|Any CPU
		{5980BE19-548F-4CA4-A970-A3CC543BE395}.Release|Any CPU.Build.0 = Release|Any CPU
		{5980BE19-548F-4CA4-A970-A3CC543BE395}.Release|x64.ActiveCfg = Release|Any CPU
		{5980BE19-548F-4CA4-A970-A3CC543BE395}.Release|x64.Build.0 = Release|Any CPU
		{5980BE19-548F-4CA4-A970-A3CC543BE395}.Release|x86.ActiveCfg = Release|Any CPU
		{5980BE19-548F-4CA4-A970-A3CC543BE395}.Release|x86.Build.0 = Release|Any CPU
		{70A91D13-000B-4895-ACE6-4730878042B9}.Debug|Any CPU.ActiveCfg = Debug|Any CPU
		{70A91D13-000B-4895-ACE6-4730878042B9}.Debug|Any CPU.Build.0 = Debug|Any CPU
		{70A91D13-000B-4895-ACE6-4730878042B9}.Debug|x64.ActiveCfg = Debug|Any CPU
		{70A91D13-000B-4895-ACE6-4730878042B9}.Debug|x64.Build.0 = Debug|Any CPU
		{70A91D13-000B-4895-ACE6-4730878042B9}.Debug|x86.ActiveCfg = Debug|Any CPU
		{70A91D13-000B-4895-ACE6-4730878042B9}.Debug|x86.Build.0 = Debug|Any CPU
		{70A91D13-000B-4895-ACE6-4730878042B9}.Release|Any CPU.ActiveCfg = Release|Any CPU
		{70A91D13-000B-4895-ACE6-4730878042B9}.Release|Any CPU.Build.0 = Release|Any CPU
		{70A91D13-000B-4895-ACE6-4730878042B9}.Release|x64.ActiveCfg = Release|Any CPU
		{70A91D13-000B-4895-ACE6-4730878042B9}.Release|x64.Build.0 = Release|Any CPU
		{70A91D13-000B-4895-ACE6-4730878042B9}.Release|x86.ActiveCfg = Release|Any CPU
		{70A91D13-000B-4895-ACE6-4730878042B9}.Release|x86.Build.0 = Release|Any CPU
	EndGlobalSection
	GlobalSection(SolutionProperties) = preSolution
		HideSolutionNode = FALSE
	EndGlobalSection
	GlobalSection(NestedProjects) = preSolution
		{26B2B342-85FA-4E52-B457-21D3FE94EB0D} = {827E0CD3-B72D-47B6-A68D-7590B98EB39B}
		{E0222676-BCB3-4A1B-81A9-524644326E53} = {827E0CD3-B72D-47B6-A68D-7590B98EB39B}
		{F76D21FF-260E-2A95-D871-9F77609FA390} = {0AB3BF05-4346-4AA6-1389-037BE0695223}
		{516CA7DA-CC94-43C1-A373-5DFF6F32966F} = {F76D21FF-260E-2A95-D871-9F77609FA390}
		{5980BE19-548F-4CA4-A970-A3CC543BE395} = {F76D21FF-260E-2A95-D871-9F77609FA390}
		{70A91D13-000B-4895-ACE6-4730878042B9} = {0AB3BF05-4346-4AA6-1389-037BE0695223}
	EndGlobalSection
EndGlobal
